// !$*UTF8*$!
{
	archiveVersion = 1;
	classes = {
	};
	objectVersion = 46;
	objects = {

/* Begin PBXBuildFile section */
		C081608418600C0300158EFB /* Foundation.framework in Frameworks */ = {isa = PBXBuildFile; fileRef = C081608318600C0300158EFB /* Foundation.framework */; };
		C081609218600C0400158EFB /* XCTest.framework in Frameworks */ = {isa = PBXBuildFile; fileRef = C081609118600C0400158EFB /* XCTest.framework */; };
		C081609318600C0400158EFB /* Foundation.framework in Frameworks */ = {isa = PBXBuildFile; fileRef = C081608318600C0300158EFB /* Foundation.framework */; };
		C081609818600C0400158EFB /* liblibZH.a in Frameworks */ = {isa = PBXBuildFile; fileRef = C081608018600C0300158EFB /* liblibZH.a */; };
		C081609E18600C0400158EFB /* InfoPlist.strings in Resources */ = {isa = PBXBuildFile; fileRef = C081609C18600C0400158EFB /* InfoPlist.strings */; };
		C08160A018600C0400158EFB /* libZHTests.m in Sources */ = {isa = PBXBuildFile; fileRef = C081609F18600C0400158EFB /* libZHTests.m */; };
		C081614C186011B400158EFB /* UIKit.framework in Frameworks */ = {isa = PBXBuildFile; fileRef = C081614B186011B400158EFB /* UIKit.framework */; };
		C08161681860380E00158EFB /* libsqlite3.0.dylib in Frameworks */ = {isa = PBXBuildFile; fileRef = C08161671860380E00158EFB /* libsqlite3.0.dylib */; };
		C081616A1860381400158EFB /* libz.1.2.5.dylib in Frameworks */ = {isa = PBXBuildFile; fileRef = C08161691860381400158EFB /* libz.1.2.5.dylib */; };
		C081616C1860381A00158EFB /* SystemConfiguration.framework in Frameworks */ = {isa = PBXBuildFile; fileRef = C081616B1860381A00158EFB /* SystemConfiguration.framework */; };
		C08162AE1860462E00158EFB /* FMDatabase.m in Sources */ = {isa = PBXBuildFile; fileRef = C08162481860462E00158EFB /* FMDatabase.m */; };
		C08162AF1860462E00158EFB /* FMDatabase.m in Sources */ = {isa = PBXBuildFile; fileRef = C08162481860462E00158EFB /* FMDatabase.m */; };
		C08162B01860462E00158EFB /* FMDatabaseAdditions.m in Sources */ = {isa = PBXBuildFile; fileRef = C081624A1860462E00158EFB /* FMDatabaseAdditions.m */; };
		C08162B11860462E00158EFB /* FMDatabaseAdditions.m in Sources */ = {isa = PBXBuildFile; fileRef = C081624A1860462E00158EFB /* FMDatabaseAdditions.m */; };
		C08162B21860462E00158EFB /* FMDatabasePool.m in Sources */ = {isa = PBXBuildFile; fileRef = C081624C1860462E00158EFB /* FMDatabasePool.m */; };
		C08162B31860462E00158EFB /* FMDatabasePool.m in Sources */ = {isa = PBXBuildFile; fileRef = C081624C1860462E00158EFB /* FMDatabasePool.m */; };
		C08162B41860462E00158EFB /* FMDatabaseQueue.m in Sources */ = {isa = PBXBuildFile; fileRef = C081624E1860462E00158EFB /* FMDatabaseQueue.m */; };
		C08162B51860462E00158EFB /* FMDatabaseQueue.m in Sources */ = {isa = PBXBuildFile; fileRef = C081624E1860462E00158EFB /* FMDatabaseQueue.m */; };
		C08162B61860462E00158EFB /* FMResultSet.m in Sources */ = {isa = PBXBuildFile; fileRef = C08162501860462E00158EFB /* FMResultSet.m */; };
		C08162B71860462E00158EFB /* FMResultSet.m in Sources */ = {isa = PBXBuildFile; fileRef = C08162501860462E00158EFB /* FMResultSet.m */; };
		C08162B81860462E00158EFB /* libWeiboSDK.a in Frameworks */ = {isa = PBXBuildFile; fileRef = C08162521860462E00158EFB /* libWeiboSDK.a */; };
		C08162B91860462E00158EFB /* libWeiboSDK.a in Frameworks */ = {isa = PBXBuildFile; fileRef = C08162521860462E00158EFB /* libWeiboSDK.a */; };
		C08162BA1860462E00158EFB /* WeiboSDK.bundle in Resources */ = {isa = PBXBuildFile; fileRef = C08162531860462E00158EFB /* WeiboSDK.bundle */; };
		C08162BB1860462E00158EFB /* libWeChatSDK.a in Frameworks */ = {isa = PBXBuildFile; fileRef = C08162561860462E00158EFB /* libWeChatSDK.a */; };
		C08162BC1860462E00158EFB /* libWeChatSDK.a in Frameworks */ = {isa = PBXBuildFile; fileRef = C08162561860462E00158EFB /* libWeChatSDK.a */; };
		C08162BD1860462E00158EFB /* CommonMethod.m in Sources */ = {isa = PBXBuildFile; fileRef = C081625D1860462E00158EFB /* CommonMethod.m */; };
		C08162BE1860462E00158EFB /* CommonMethod.m in Sources */ = {isa = PBXBuildFile; fileRef = C081625D1860462E00158EFB /* CommonMethod.m */; };
		C08162BF1860462E00158EFB /* Cookie.m in Sources */ = {isa = PBXBuildFile; fileRef = C081625F1860462E00158EFB /* Cookie.m */; };
		C08162C01860462E00158EFB /* Cookie.m in Sources */ = {isa = PBXBuildFile; fileRef = C081625F1860462E00158EFB /* Cookie.m */; };
		C08162C11860462E00158EFB /* ImageDownloader.m in Sources */ = {isa = PBXBuildFile; fileRef = C08162611860462E00158EFB /* ImageDownloader.m */; };
		C08162C21860462E00158EFB /* ImageDownloader.m in Sources */ = {isa = PBXBuildFile; fileRef = C08162611860462E00158EFB /* ImageDownloader.m */; };
		C08162C51860462E00158EFB /* NSDate+Helper.m in Sources */ = {isa = PBXBuildFile; fileRef = C08162651860462E00158EFB /* NSDate+Helper.m */; };
		C08162C61860462E00158EFB /* NSDate+Helper.m in Sources */ = {isa = PBXBuildFile; fileRef = C08162651860462E00158EFB /* NSDate+Helper.m */; };
		C08162C71860462E00158EFB /* NSDate-Utilities.m in Sources */ = {isa = PBXBuildFile; fileRef = C08162671860462E00158EFB /* NSDate-Utilities.m */; };
		C08162C81860462E00158EFB /* NSDate-Utilities.m in Sources */ = {isa = PBXBuildFile; fileRef = C08162671860462E00158EFB /* NSDate-Utilities.m */; };
		C08162C91860462E00158EFB /* NSString+MD5.m in Sources */ = {isa = PBXBuildFile; fileRef = C08162691860462E00158EFB /* NSString+MD5.m */; };
		C08162CA1860462E00158EFB /* NSString+MD5.m in Sources */ = {isa = PBXBuildFile; fileRef = C08162691860462E00158EFB /* NSString+MD5.m */; };
		C08162CB1860462E00158EFB /* PendingOperations.m in Sources */ = {isa = PBXBuildFile; fileRef = C081626B1860462E00158EFB /* PendingOperations.m */; };
		C08162CC1860462E00158EFB /* PendingOperations.m in Sources */ = {isa = PBXBuildFile; fileRef = C081626B1860462E00158EFB /* PendingOperations.m */; };
		C08162CD1860462E00158EFB /* Session.m in Sources */ = {isa = PBXBuildFile; fileRef = C081626D1860462E00158EFB /* Session.m */; };
		C08162CE1860462E00158EFB /* Session.m in Sources */ = {isa = PBXBuildFile; fileRef = C081626D1860462E00158EFB /* Session.m */; };
		C08162CF1860462E00158EFB /* UIButton+Utilities.m in Sources */ = {isa = PBXBuildFile; fileRef = C08162701860462E00158EFB /* UIButton+Utilities.m */; };
		C08162D01860462E00158EFB /* UIButton+Utilities.m in Sources */ = {isa = PBXBuildFile; fileRef = C08162701860462E00158EFB /* UIButton+Utilities.m */; };
		C08162D11860462E00158EFB /* ZHDBControl.m in Sources */ = {isa = PBXBuildFile; fileRef = C08162731860462E00158EFB /* ZHDBControl.m */; };
		C08162D21860462E00158EFB /* ZHDBControl.m in Sources */ = {isa = PBXBuildFile; fileRef = C08162731860462E00158EFB /* ZHDBControl.m */; };
		C08162D31860462E00158EFB /* ZHDBData.m in Sources */ = {isa = PBXBuildFile; fileRef = C08162751860462E00158EFB /* ZHDBData.m */; };
		C08162D41860462E00158EFB /* ZHDBData.m in Sources */ = {isa = PBXBuildFile; fileRef = C08162751860462E00158EFB /* ZHDBData.m */; };
		C08162D51860462E00158EFB /* ZHFileCache.m in Sources */ = {isa = PBXBuildFile; fileRef = C08162771860462E00158EFB /* ZHFileCache.m */; };
		C08162D61860462E00158EFB /* ZHFileCache.m in Sources */ = {isa = PBXBuildFile; fileRef = C08162771860462E00158EFB /* ZHFileCache.m */; };
		C08162D71860462E00158EFB /* ZHPassDataJSON.m in Sources */ = {isa = PBXBuildFile; fileRef = C08162791860462E00158EFB /* ZHPassDataJSON.m */; };
		C08162D81860462E00158EFB /* ZHPassDataJSON.m in Sources */ = {isa = PBXBuildFile; fileRef = C08162791860462E00158EFB /* ZHPassDataJSON.m */; };
		C08162D91860462E00158EFB /* User.m in Sources */ = {isa = PBXBuildFile; fileRef = C081627B1860462E00158EFB /* User.m */; };
		C08162DA1860462E00158EFB /* User.m in Sources */ = {isa = PBXBuildFile; fileRef = C081627B1860462E00158EFB /* User.m */; };
		C08162DB1860462E00158EFB /* AccessCell.m in Sources */ = {isa = PBXBuildFile; fileRef = C081627E1860462E00158EFB /* AccessCell.m */; };
		C08162DC1860462E00158EFB /* AccessCell.m in Sources */ = {isa = PBXBuildFile; fileRef = C081627E1860462E00158EFB /* AccessCell.m */; };
		C08162DD1860462E00158EFB /* AccessCell.xib in Resources */ = {isa = PBXBuildFile; fileRef = C081627F1860462E00158EFB /* AccessCell.xib */; };
		C08162DE1860462E00158EFB /* ActivityIndicatorView.m in Sources */ = {isa = PBXBuildFile; fileRef = C08162811860462E00158EFB /* ActivityIndicatorView.m */; };
		C08162DF1860462E00158EFB /* ActivityIndicatorView.m in Sources */ = {isa = PBXBuildFile; fileRef = C08162811860462E00158EFB /* ActivityIndicatorView.m */; };
		C08162E01860462E00158EFB /* BaseTableViewController.m in Sources */ = {isa = PBXBuildFile; fileRef = C08162831860462E00158EFB /* BaseTableViewController.m */; };
		C08162E11860462E00158EFB /* BaseTableViewController.m in Sources */ = {isa = PBXBuildFile; fileRef = C08162831860462E00158EFB /* BaseTableViewController.m */; };
		C08162E21860462E00158EFB /* BaseViewController.m in Sources */ = {isa = PBXBuildFile; fileRef = C08162851860462E00158EFB /* BaseViewController.m */; };
		C08162E31860462E00158EFB /* BaseViewController.m in Sources */ = {isa = PBXBuildFile; fileRef = C08162851860462E00158EFB /* BaseViewController.m */; };
		C08162E41860462E00158EFB /* Button.m in Sources */ = {isa = PBXBuildFile; fileRef = C08162871860462E00158EFB /* Button.m */; };
		C08162E51860462E00158EFB /* Button.m in Sources */ = {isa = PBXBuildFile; fileRef = C08162871860462E00158EFB /* Button.m */; };
		C08162E61860462E00158EFB /* CaseCell.m in Sources */ = {isa = PBXBuildFile; fileRef = C08162891860462E00158EFB /* CaseCell.m */; };
		C08162E71860462E00158EFB /* CaseCell.m in Sources */ = {isa = PBXBuildFile; fileRef = C08162891860462E00158EFB /* CaseCell.m */; };
		C08162E81860462E00158EFB /* CaseCell.xib in Resources */ = {isa = PBXBuildFile; fileRef = C081628A1860462E00158EFB /* CaseCell.xib */; };
		C08162E91860462E00158EFB /* DesginerCell.m in Sources */ = {isa = PBXBuildFile; fileRef = C081628C1860462E00158EFB /* DesginerCell.m */; };
		C08162EA1860462E00158EFB /* DesginerCell.m in Sources */ = {isa = PBXBuildFile; fileRef = C081628C1860462E00158EFB /* DesginerCell.m */; };
		C08162EB1860462E00158EFB /* DesginerCell.xib in Resources */ = {isa = PBXBuildFile; fileRef = C081628D1860462E00158EFB /* DesginerCell.xib */; };
		C08162EC1860462E00158EFB /* DesginerCellV.m in Sources */ = {isa = PBXBuildFile; fileRef = C081628F1860462E00158EFB /* DesginerCellV.m */; };
		C08162ED1860462E00158EFB /* DesginerCellV.m in Sources */ = {isa = PBXBuildFile; fileRef = C081628F1860462E00158EFB /* DesginerCellV.m */; };
		C08162EE1860462E00158EFB /* DesginerCellV.xib in Resources */ = {isa = PBXBuildFile; fileRef = C08162901860462E00158EFB /* DesginerCellV.xib */; };
		C08162EF1860462E00158EFB /* FlipBoardNavigationController.m in Sources */ = {isa = PBXBuildFile; fileRef = C08162921860462E00158EFB /* FlipBoardNavigationController.m */; };
		C08162F01860462E00158EFB /* FlipBoardNavigationController.m in Sources */ = {isa = PBXBuildFile; fileRef = C08162921860462E00158EFB /* FlipBoardNavigationController.m */; };
		C08162F11860462E00158EFB /* ImageView.m in Sources */ = {isa = PBXBuildFile; fileRef = C08162941860462E00158EFB /* ImageView.m */; };
		C08162F21860462E00158EFB /* ImageView.m in Sources */ = {isa = PBXBuildFile; fileRef = C08162941860462E00158EFB /* ImageView.m */; };
		C08162F31860462E00158EFB /* Message.m in Sources */ = {isa = PBXBuildFile; fileRef = C08162961860462E00158EFB /* Message.m */; };
		C08162F41860462E00158EFB /* Message.m in Sources */ = {isa = PBXBuildFile; fileRef = C08162961860462E00158EFB /* Message.m */; };
		C08162F51860462E00158EFB /* NavigationViewController.m in Sources */ = {isa = PBXBuildFile; fileRef = C08162981860462E00158EFB /* NavigationViewController.m */; };
		C08162F61860462E00158EFB /* NavigationViewController.m in Sources */ = {isa = PBXBuildFile; fileRef = C08162981860462E00158EFB /* NavigationViewController.m */; };
		C08162F71860462E00158EFB /* NewsCell.m in Sources */ = {isa = PBXBuildFile; fileRef = C081629A1860462E00158EFB /* NewsCell.m */; };
		C08162F81860462E00158EFB /* NewsCell.m in Sources */ = {isa = PBXBuildFile; fileRef = C081629A1860462E00158EFB /* NewsCell.m */; };
		C08162F91860462E00158EFB /* ShareView.m in Sources */ = {isa = PBXBuildFile; fileRef = C081629C1860462E00158EFB /* ShareView.m */; };
		C08162FA1860462E00158EFB /* ShareView.m in Sources */ = {isa = PBXBuildFile; fileRef = C081629C1860462E00158EFB /* ShareView.m */; };
		C08162FB1860462E00158EFB /* TableView.m in Sources */ = {isa = PBXBuildFile; fileRef = C081629E1860462E00158EFB /* TableView.m */; };
		C08162FC1860462E00158EFB /* TableView.m in Sources */ = {isa = PBXBuildFile; fileRef = C081629E1860462E00158EFB /* TableView.m */; };
		C08162FD1860462E00158EFB /* TableViewController.m in Sources */ = {isa = PBXBuildFile; fileRef = C08162A01860462E00158EFB /* TableViewController.m */; };
		C08162FE1860462E00158EFB /* TableViewController.m in Sources */ = {isa = PBXBuildFile; fileRef = C08162A01860462E00158EFB /* TableViewController.m */; };
		C08162FF1860462E00158EFB /* TypeTableView.m in Sources */ = {isa = PBXBuildFile; fileRef = C08162A21860462E00158EFB /* TypeTableView.m */; };
		C08163001860462E00158EFB /* TypeTableView.m in Sources */ = {isa = PBXBuildFile; fileRef = C08162A21860462E00158EFB /* TypeTableView.m */; };
		C08163011860462E00158EFB /* IISideController.m in Sources */ = {isa = PBXBuildFile; fileRef = C08162A51860462E00158EFB /* IISideController.m */; };
		C08163021860462E00158EFB /* IISideController.m in Sources */ = {isa = PBXBuildFile; fileRef = C08162A51860462E00158EFB /* IISideController.m */; };
		C08163031860462E00158EFB /* IIViewDeckController.m in Sources */ = {isa = PBXBuildFile; fileRef = C08162A71860462E00158EFB /* IIViewDeckController.m */; };
		C08163041860462E00158EFB /* IIViewDeckController.m in Sources */ = {isa = PBXBuildFile; fileRef = C08162A71860462E00158EFB /* IIViewDeckController.m */; };
		C08163051860462E00158EFB /* IIWrapController.m in Sources */ = {isa = PBXBuildFile; fileRef = C08162A91860462E00158EFB /* IIWrapController.m */; };
		C08163061860462E00158EFB /* IIWrapController.m in Sources */ = {isa = PBXBuildFile; fileRef = C08162A91860462E00158EFB /* IIWrapController.m */; };
		C08163071860462E00158EFB /* ZHManageCell.m in Sources */ = {isa = PBXBuildFile; fileRef = C08162AB1860462E00158EFB /* ZHManageCell.m */; };
		C08163081860462E00158EFB /* ZHManageCell.m in Sources */ = {isa = PBXBuildFile; fileRef = C08162AB1860462E00158EFB /* ZHManageCell.m */; };
		C08163091860462E00158EFB /* ZHNavigationViewController.m in Sources */ = {isa = PBXBuildFile; fileRef = C08162AD1860462E00158EFB /* ZHNavigationViewController.m */; };
		C081630A1860462E00158EFB /* ZHNavigationViewController.m in Sources */ = {isa = PBXBuildFile; fileRef = C08162AD1860462E00158EFB /* ZHNavigationViewController.m */; };
		C081630C1860472F00158EFB /* libZH.podspec in Resources */ = {isa = PBXBuildFile; fileRef = C081630B1860472F00158EFB /* libZH.podspec */; };
/* End PBXBuildFile section */

/* Begin PBXContainerItemProxy section */
		C081609618600C0400158EFB /* PBXContainerItemProxy */ = {
			isa = PBXContainerItemProxy;
			containerPortal = C081607818600C0300158EFB /* Project object */;
			proxyType = 1;
			remoteGlobalIDString = C081607F18600C0300158EFB;
			remoteInfo = libZH;
		};
/* End PBXContainerItemProxy section */

/* Begin PBXCopyFilesBuildPhase section */
		C081607E18600C0300158EFB /* CopyFiles */ = {
			isa = PBXCopyFilesBuildPhase;
			buildActionMask = 2147483647;
			dstPath = "include/$(PRODUCT_NAME)";
			dstSubfolderSpec = 16;
			files = (
			);
			runOnlyForDeploymentPostprocessing = 0;
		};
/* End PBXCopyFilesBuildPhase section */

/* Begin PBXFileReference section */
		C081608018600C0300158EFB /* liblibZH.a */ = {isa = PBXFileReference; explicitFileType = archive.ar; includeInIndex = 0; path = liblibZH.a; sourceTree = BUILT_PRODUCTS_DIR; };
		C081608318600C0300158EFB /* Foundation.framework */ = {isa = PBXFileReference; lastKnownFileType = wrapper.framework; name = Foundation.framework; path = System/Library/Frameworks/Foundation.framework; sourceTree = SDKROOT; };
		C081608718600C0300158EFB /* libZH-Prefix.pch */ = {isa = PBXFileReference; lastKnownFileType = sourcecode.c.h; path = "libZH-Prefix.pch"; sourceTree = "<group>"; };
		C081609018600C0400158EFB /* libZHTests.xctest */ = {isa = PBXFileReference; explicitFileType = wrapper.cfbundle; includeInIndex = 0; path = libZHTests.xctest; sourceTree = BUILT_PRODUCTS_DIR; };
		C081609118600C0400158EFB /* XCTest.framework */ = {isa = PBXFileReference; lastKnownFileType = wrapper.framework; name = XCTest.framework; path = Library/Frameworks/XCTest.framework; sourceTree = DEVELOPER_DIR; };
		C081609B18600C0400158EFB /* libZHTests-Info.plist */ = {isa = PBXFileReference; lastKnownFileType = text.plist.xml; path = "libZHTests-Info.plist"; sourceTree = "<group>"; };
		C081609D18600C0400158EFB /* en */ = {isa = PBXFileReference; lastKnownFileType = text.plist.strings; name = en; path = en.lproj/InfoPlist.strings; sourceTree = "<group>"; };
		C081609F18600C0400158EFB /* libZHTests.m */ = {isa = PBXFileReference; lastKnownFileType = sourcecode.c.objc; path = libZHTests.m; sourceTree = "<group>"; };
		C081614B186011B400158EFB /* UIKit.framework */ = {isa = PBXFileReference; lastKnownFileType = wrapper.framework; name = UIKit.framework; path = System/Library/Frameworks/UIKit.framework; sourceTree = SDKROOT; };
		C08161671860380E00158EFB /* libsqlite3.0.dylib */ = {isa = PBXFileReference; lastKnownFileType = "compiled.mach-o.dylib"; name = libsqlite3.0.dylib; path = usr/lib/libsqlite3.0.dylib; sourceTree = SDKROOT; };
		C08161691860381400158EFB /* libz.1.2.5.dylib */ = {isa = PBXFileReference; lastKnownFileType = "compiled.mach-o.dylib"; name = libz.1.2.5.dylib; path = usr/lib/libz.1.2.5.dylib; sourceTree = SDKROOT; };
		C081616B1860381A00158EFB /* SystemConfiguration.framework */ = {isa = PBXFileReference; lastKnownFileType = wrapper.framework; name = SystemConfiguration.framework; path = System/Library/Frameworks/SystemConfiguration.framework; sourceTree = SDKROOT; };
		C08162471860462E00158EFB /* FMDatabase.h */ = {isa = PBXFileReference; fileEncoding = 4; lastKnownFileType = sourcecode.c.h; path = FMDatabase.h; sourceTree = "<group>"; };
		C08162481860462E00158EFB /* FMDatabase.m */ = {isa = PBXFileReference; fileEncoding = 4; lastKnownFileType = sourcecode.c.objc; path = FMDatabase.m; sourceTree = "<group>"; };
		C08162491860462E00158EFB /* FMDatabaseAdditions.h */ = {isa = PBXFileReference; fileEncoding = 4; lastKnownFileType = sourcecode.c.h; path = FMDatabaseAdditions.h; sourceTree = "<group>"; };
		C081624A1860462E00158EFB /* FMDatabaseAdditions.m */ = {isa = PBXFileReference; fileEncoding = 4; lastKnownFileType = sourcecode.c.objc; path = FMDatabaseAdditions.m; sourceTree = "<group>"; };
		C081624B1860462E00158EFB /* FMDatabasePool.h */ = {isa = PBXFileReference; fileEncoding = 4; lastKnownFileType = sourcecode.c.h; path = FMDatabasePool.h; sourceTree = "<group>"; };
		C081624C1860462E00158EFB /* FMDatabasePool.m */ = {isa = PBXFileReference; fileEncoding = 4; lastKnownFileType = sourcecode.c.objc; path = FMDatabasePool.m; sourceTree = "<group>"; };
		C081624D1860462E00158EFB /* FMDatabaseQueue.h */ = {isa = PBXFileReference; fileEncoding = 4; lastKnownFileType = sourcecode.c.h; path = FMDatabaseQueue.h; sourceTree = "<group>"; };
		C081624E1860462E00158EFB /* FMDatabaseQueue.m */ = {isa = PBXFileReference; fileEncoding = 4; lastKnownFileType = sourcecode.c.objc; path = FMDatabaseQueue.m; sourceTree = "<group>"; };
		C081624F1860462E00158EFB /* FMResultSet.h */ = {isa = PBXFileReference; fileEncoding = 4; lastKnownFileType = sourcecode.c.h; path = FMResultSet.h; sourceTree = "<group>"; };
		C08162501860462E00158EFB /* FMResultSet.m */ = {isa = PBXFileReference; fileEncoding = 4; lastKnownFileType = sourcecode.c.objc; path = FMResultSet.m; sourceTree = "<group>"; };
		C08162521860462E00158EFB /* libWeiboSDK.a */ = {isa = PBXFileReference; lastKnownFileType = archive.ar; path = libWeiboSDK.a; sourceTree = "<group>"; };
		C08162531860462E00158EFB /* WeiboSDK.bundle */ = {isa = PBXFileReference; lastKnownFileType = "wrapper.plug-in"; path = WeiboSDK.bundle; sourceTree = "<group>"; };
		C08162541860462E00158EFB /* WeiboSDK.h */ = {isa = PBXFileReference; fileEncoding = 4; lastKnownFileType = sourcecode.c.h; path = WeiboSDK.h; sourceTree = "<group>"; };
		C08162561860462E00158EFB /* libWeChatSDK.a */ = {isa = PBXFileReference; lastKnownFileType = archive.ar; path = libWeChatSDK.a; sourceTree = "<group>"; };
		C08162571860462E00158EFB /* WXApi.h */ = {isa = PBXFileReference; fileEncoding = 4; lastKnownFileType = sourcecode.c.h; path = WXApi.h; sourceTree = "<group>"; };
		C08162581860462E00158EFB /* WXApiObject.h */ = {isa = PBXFileReference; fileEncoding = 4; lastKnownFileType = sourcecode.c.h; path = WXApiObject.h; sourceTree = "<group>"; };
		C081625A1860462E00158EFB /* CCLog.h */ = {isa = PBXFileReference; fileEncoding = 4; lastKnownFileType = sourcecode.c.h; path = CCLog.h; sourceTree = "<group>"; };
		C081625B1860462E00158EFB /* Common.h */ = {isa = PBXFileReference; fileEncoding = 4; lastKnownFileType = sourcecode.c.h; path = Common.h; sourceTree = "<group>"; };
		C081625C1860462E00158EFB /* CommonMethod.h */ = {isa = PBXFileReference; fileEncoding = 4; lastKnownFileType = sourcecode.c.h; path = CommonMethod.h; sourceTree = "<group>"; };
		C081625D1860462E00158EFB /* CommonMethod.m */ = {isa = PBXFileReference; fileEncoding = 4; lastKnownFileType = sourcecode.c.objc; path = CommonMethod.m; sourceTree = "<group>"; };
		C081625E1860462E00158EFB /* Cookie.h */ = {isa = PBXFileReference; fileEncoding = 4; lastKnownFileType = sourcecode.c.h; path = Cookie.h; sourceTree = "<group>"; };
		C081625F1860462E00158EFB /* Cookie.m */ = {isa = PBXFileReference; fileEncoding = 4; lastKnownFileType = sourcecode.c.objc; path = Cookie.m; sourceTree = "<group>"; };
		C08162601860462E00158EFB /* ImageDownloader.h */ = {isa = PBXFileReference; fileEncoding = 4; lastKnownFileType = sourcecode.c.h; path = ImageDownloader.h; sourceTree = "<group>"; };
		C08162611860462E00158EFB /* ImageDownloader.m */ = {isa = PBXFileReference; fileEncoding = 4; lastKnownFileType = sourcecode.c.objc; path = ImageDownloader.m; sourceTree = "<group>"; };
		C08162641860462E00158EFB /* NSDate+Helper.h */ = {isa = PBXFileReference; fileEncoding = 4; lastKnownFileType = sourcecode.c.h; path = "NSDate+Helper.h"; sourceTree = "<group>"; };
		C08162651860462E00158EFB /* NSDate+Helper.m */ = {isa = PBXFileReference; fileEncoding = 4; lastKnownFileType = sourcecode.c.objc; path = "NSDate+Helper.m"; sourceTree = "<group>"; };
		C08162661860462E00158EFB /* NSDate-Utilities.h */ = {isa = PBXFileReference; fileEncoding = 4; lastKnownFileType = sourcecode.c.h; path = "NSDate-Utilities.h"; sourceTree = "<group>"; };
		C08162671860462E00158EFB /* NSDate-Utilities.m */ = {isa = PBXFileReference; fileEncoding = 4; lastKnownFileType = sourcecode.c.objc; path = "NSDate-Utilities.m"; sourceTree = "<group>"; };
		C08162681860462E00158EFB /* NSString+MD5.h */ = {isa = PBXFileReference; fileEncoding = 4; lastKnownFileType = sourcecode.c.h; path = "NSString+MD5.h"; sourceTree = "<group>"; };
		C08162691860462E00158EFB /* NSString+MD5.m */ = {isa = PBXFileReference; fileEncoding = 4; lastKnownFileType = sourcecode.c.objc; path = "NSString+MD5.m"; sourceTree = "<group>"; };
		C081626A1860462E00158EFB /* PendingOperations.h */ = {isa = PBXFileReference; fileEncoding = 4; lastKnownFileType = sourcecode.c.h; path = PendingOperations.h; sourceTree = "<group>"; };
		C081626B1860462E00158EFB /* PendingOperations.m */ = {isa = PBXFileReference; fileEncoding = 4; lastKnownFileType = sourcecode.c.objc; path = PendingOperations.m; sourceTree = "<group>"; };
		C081626C1860462E00158EFB /* Session.h */ = {isa = PBXFileReference; fileEncoding = 4; lastKnownFileType = sourcecode.c.h; path = Session.h; sourceTree = "<group>"; };
		C081626D1860462E00158EFB /* Session.m */ = {isa = PBXFileReference; fileEncoding = 4; lastKnownFileType = sourcecode.c.objc; path = Session.m; sourceTree = "<group>"; };
		C081626E1860462E00158EFB /* String.h */ = {isa = PBXFileReference; fileEncoding = 4; lastKnownFileType = sourcecode.c.h; path = String.h; sourceTree = "<group>"; };
		C081626F1860462E00158EFB /* UIButton+Utilities.h */ = {isa = PBXFileReference; fileEncoding = 4; lastKnownFileType = sourcecode.c.h; path = "UIButton+Utilities.h"; sourceTree = "<group>"; };
		C08162701860462E00158EFB /* UIButton+Utilities.m */ = {isa = PBXFileReference; fileEncoding = 4; lastKnownFileType = sourcecode.c.objc; path = "UIButton+Utilities.m"; sourceTree = "<group>"; };
		C08162711860462E00158EFB /* Unit.h */ = {isa = PBXFileReference; fileEncoding = 4; lastKnownFileType = sourcecode.c.h; path = Unit.h; sourceTree = "<group>"; };
		C08162721860462E00158EFB /* ZHDBControl.h */ = {isa = PBXFileReference; fileEncoding = 4; lastKnownFileType = sourcecode.c.h; path = ZHDBControl.h; sourceTree = "<group>"; };
		C08162731860462E00158EFB /* ZHDBControl.m */ = {isa = PBXFileReference; fileEncoding = 4; lastKnownFileType = sourcecode.c.objc; path = ZHDBControl.m; sourceTree = "<group>"; };
		C08162741860462E00158EFB /* ZHDBData.h */ = {isa = PBXFileReference; fileEncoding = 4; lastKnownFileType = sourcecode.c.h; path = ZHDBData.h; sourceTree = "<group>"; };
		C08162751860462E00158EFB /* ZHDBData.m */ = {isa = PBXFileReference; fileEncoding = 4; lastKnownFileType = sourcecode.c.objc; path = ZHDBData.m; sourceTree = "<group>"; };
		C08162761860462E00158EFB /* ZHFileCache.h */ = {isa = PBXFileReference; fileEncoding = 4; lastKnownFileType = sourcecode.c.h; path = ZHFileCache.h; sourceTree = "<group>"; };
		C08162771860462E00158EFB /* ZHFileCache.m */ = {isa = PBXFileReference; fileEncoding = 4; lastKnownFileType = sourcecode.c.objc; path = ZHFileCache.m; sourceTree = "<group>"; };
		C08162781860462E00158EFB /* ZHPassDataJSON.h */ = {isa = PBXFileReference; fileEncoding = 4; lastKnownFileType = sourcecode.c.h; path = ZHPassDataJSON.h; sourceTree = "<group>"; };
		C08162791860462E00158EFB /* ZHPassDataJSON.m */ = {isa = PBXFileReference; fileEncoding = 4; lastKnownFileType = sourcecode.c.objc; path = ZHPassDataJSON.m; sourceTree = "<group>"; };
		C081627A1860462E00158EFB /* User.h */ = {isa = PBXFileReference; fileEncoding = 4; lastKnownFileType = sourcecode.c.h; path = User.h; sourceTree = "<group>"; };
		C081627B1860462E00158EFB /* User.m */ = {isa = PBXFileReference; fileEncoding = 4; lastKnownFileType = sourcecode.c.objc; path = User.m; sourceTree = "<group>"; };
		C081627D1860462E00158EFB /* AccessCell.h */ = {isa = PBXFileReference; fileEncoding = 4; lastKnownFileType = sourcecode.c.h; path = AccessCell.h; sourceTree = "<group>"; };
		C081627E1860462E00158EFB /* AccessCell.m */ = {isa = PBXFileReference; fileEncoding = 4; lastKnownFileType = sourcecode.c.objc; path = AccessCell.m; sourceTree = "<group>"; };
		C081627F1860462E00158EFB /* AccessCell.xib */ = {isa = PBXFileReference; fileEncoding = 4; lastKnownFileType = file.xib; path = AccessCell.xib; sourceTree = "<group>"; };
		C08162801860462E00158EFB /* ActivityIndicatorView.h */ = {isa = PBXFileReference; fileEncoding = 4; lastKnownFileType = sourcecode.c.h; path = ActivityIndicatorView.h; sourceTree = "<group>"; };
		C08162811860462E00158EFB /* ActivityIndicatorView.m */ = {isa = PBXFileReference; fileEncoding = 4; lastKnownFileType = sourcecode.c.objc; path = ActivityIndicatorView.m; sourceTree = "<group>"; };
		C08162821860462E00158EFB /* BaseTableViewController.h */ = {isa = PBXFileReference; fileEncoding = 4; lastKnownFileType = sourcecode.c.h; path = BaseTableViewController.h; sourceTree = "<group>"; };
		C08162831860462E00158EFB /* BaseTableViewController.m */ = {isa = PBXFileReference; fileEncoding = 4; lastKnownFileType = sourcecode.c.objc; path = BaseTableViewController.m; sourceTree = "<group>"; };
		C08162841860462E00158EFB /* BaseViewController.h */ = {isa = PBXFileReference; fileEncoding = 4; lastKnownFileType = sourcecode.c.h; path = BaseViewController.h; sourceTree = "<group>"; };
		C08162851860462E00158EFB /* BaseViewController.m */ = {isa = PBXFileReference; fileEncoding = 4; lastKnownFileType = sourcecode.c.objc; path = BaseViewController.m; sourceTree = "<group>"; };
		C08162861860462E00158EFB /* Button.h */ = {isa = PBXFileReference; fileEncoding = 4; lastKnownFileType = sourcecode.c.h; path = Button.h; sourceTree = "<group>"; };
		C08162871860462E00158EFB /* Button.m */ = {isa = PBXFileReference; fileEncoding = 4; lastKnownFileType = sourcecode.c.objc; path = Button.m; sourceTree = "<group>"; };
		C08162881860462E00158EFB /* CaseCell.h */ = {isa = PBXFileReference; fileEncoding = 4; lastKnownFileType = sourcecode.c.h; path = CaseCell.h; sourceTree = "<group>"; };
		C08162891860462E00158EFB /* CaseCell.m */ = {isa = PBXFileReference; fileEncoding = 4; lastKnownFileType = sourcecode.c.objc; path = CaseCell.m; sourceTree = "<group>"; };
		C081628A1860462E00158EFB /* CaseCell.xib */ = {isa = PBXFileReference; fileEncoding = 4; lastKnownFileType = file.xib; path = CaseCell.xib; sourceTree = "<group>"; };
		C081628B1860462E00158EFB /* DesginerCell.h */ = {isa = PBXFileReference; fileEncoding = 4; lastKnownFileType = sourcecode.c.h; path = DesginerCell.h; sourceTree = "<group>"; };
		C081628C1860462E00158EFB /* DesginerCell.m */ = {isa = PBXFileReference; fileEncoding = 4; lastKnownFileType = sourcecode.c.objc; path = DesginerCell.m; sourceTree = "<group>"; };
		C081628D1860462E00158EFB /* DesginerCell.xib */ = {isa = PBXFileReference; fileEncoding = 4; lastKnownFileType = file.xib; path = DesginerCell.xib; sourceTree = "<group>"; };
		C081628E1860462E00158EFB /* DesginerCellV.h */ = {isa = PBXFileReference; fileEncoding = 4; lastKnownFileType = sourcecode.c.h; path = DesginerCellV.h; sourceTree = "<group>"; };
		C081628F1860462E00158EFB /* DesginerCellV.m */ = {isa = PBXFileReference; fileEncoding = 4; lastKnownFileType = sourcecode.c.objc; path = DesginerCellV.m; sourceTree = "<group>"; };
		C08162901860462E00158EFB /* DesginerCellV.xib */ = {isa = PBXFileReference; fileEncoding = 4; lastKnownFileType = file.xib; path = DesginerCellV.xib; sourceTree = "<group>"; };
		C08162911860462E00158EFB /* FlipBoardNavigationController.h */ = {isa = PBXFileReference; fileEncoding = 4; lastKnownFileType = sourcecode.c.h; path = FlipBoardNavigationController.h; sourceTree = "<group>"; };
		C08162921860462E00158EFB /* FlipBoardNavigationController.m */ = {isa = PBXFileReference; fileEncoding = 4; lastKnownFileType = sourcecode.c.objc; path = FlipBoardNavigationController.m; sourceTree = "<group>"; };
		C08162931860462E00158EFB /* ImageView.h */ = {isa = PBXFileReference; fileEncoding = 4; lastKnownFileType = sourcecode.c.h; path = ImageView.h; sourceTree = "<group>"; };
		C08162941860462E00158EFB /* ImageView.m */ = {isa = PBXFileReference; fileEncoding = 4; lastKnownFileType = sourcecode.c.objc; path = ImageView.m; sourceTree = "<group>"; };
		C08162951860462E00158EFB /* Message.h */ = {isa = PBXFileReference; fileEncoding = 4; lastKnownFileType = sourcecode.c.h; path = Message.h; sourceTree = "<group>"; };
		C08162961860462E00158EFB /* Message.m */ = {isa = PBXFileReference; fileEncoding = 4; lastKnownFileType = sourcecode.c.objc; path = Message.m; sourceTree = "<group>"; };
		C08162971860462E00158EFB /* NavigationViewController.h */ = {isa = PBXFileReference; fileEncoding = 4; lastKnownFileType = sourcecode.c.h; path = NavigationViewController.h; sourceTree = "<group>"; };
		C08162981860462E00158EFB /* NavigationViewController.m */ = {isa = PBXFileReference; fileEncoding = 4; lastKnownFileType = sourcecode.c.objc; path = NavigationViewController.m; sourceTree = "<group>"; };
		C08162991860462E00158EFB /* NewsCell.h */ = {isa = PBXFileReference; fileEncoding = 4; lastKnownFileType = sourcecode.c.h; path = NewsCell.h; sourceTree = "<group>"; };
		C081629A1860462E00158EFB /* NewsCell.m */ = {isa = PBXFileReference; fileEncoding = 4; lastKnownFileType = sourcecode.c.objc; path = NewsCell.m; sourceTree = "<group>"; };
		C081629B1860462E00158EFB /* ShareView.h */ = {isa = PBXFileReference; fileEncoding = 4; lastKnownFileType = sourcecode.c.h; path = ShareView.h; sourceTree = "<group>"; };
		C081629C1860462E00158EFB /* ShareView.m */ = {isa = PBXFileReference; fileEncoding = 4; lastKnownFileType = sourcecode.c.objc; path = ShareView.m; sourceTree = "<group>"; };
		C081629D1860462E00158EFB /* TableView.h */ = {isa = PBXFileReference; fileEncoding = 4; lastKnownFileType = sourcecode.c.h; path = TableView.h; sourceTree = "<group>"; };
		C081629E1860462E00158EFB /* TableView.m */ = {isa = PBXFileReference; fileEncoding = 4; lastKnownFileType = sourcecode.c.objc; path = TableView.m; sourceTree = "<group>"; };
		C081629F1860462E00158EFB /* TableViewController.h */ = {isa = PBXFileReference; fileEncoding = 4; lastKnownFileType = sourcecode.c.h; path = TableViewController.h; sourceTree = "<group>"; };
		C08162A01860462E00158EFB /* TableViewController.m */ = {isa = PBXFileReference; fileEncoding = 4; lastKnownFileType = sourcecode.c.objc; path = TableViewController.m; sourceTree = "<group>"; };
		C08162A11860462E00158EFB /* TypeTableView.h */ = {isa = PBXFileReference; fileEncoding = 4; lastKnownFileType = sourcecode.c.h; path = TypeTableView.h; sourceTree = "<group>"; };
		C08162A21860462E00158EFB /* TypeTableView.m */ = {isa = PBXFileReference; fileEncoding = 4; lastKnownFileType = sourcecode.c.objc; path = TypeTableView.m; sourceTree = "<group>"; };
		C08162A41860462E00158EFB /* IISideController.h */ = {isa = PBXFileReference; fileEncoding = 4; lastKnownFileType = sourcecode.c.h; path = IISideController.h; sourceTree = "<group>"; };
		C08162A51860462E00158EFB /* IISideController.m */ = {isa = PBXFileReference; fileEncoding = 4; lastKnownFileType = sourcecode.c.objc; path = IISideController.m; sourceTree = "<group>"; };
		C08162A61860462E00158EFB /* IIViewDeckController.h */ = {isa = PBXFileReference; fileEncoding = 4; lastKnownFileType = sourcecode.c.h; path = IIViewDeckController.h; sourceTree = "<group>"; };
		C08162A71860462E00158EFB /* IIViewDeckController.m */ = {isa = PBXFileReference; fileEncoding = 4; lastKnownFileType = sourcecode.c.objc; path = IIViewDeckController.m; sourceTree = "<group>"; };
		C08162A81860462E00158EFB /* IIWrapController.h */ = {isa = PBXFileReference; fileEncoding = 4; lastKnownFileType = sourcecode.c.h; path = IIWrapController.h; sourceTree = "<group>"; };
		C08162A91860462E00158EFB /* IIWrapController.m */ = {isa = PBXFileReference; fileEncoding = 4; lastKnownFileType = sourcecode.c.objc; path = IIWrapController.m; sourceTree = "<group>"; };
		C08162AA1860462E00158EFB /* ZHManageCell.h */ = {isa = PBXFileReference; fileEncoding = 4; lastKnownFileType = sourcecode.c.h; path = ZHManageCell.h; sourceTree = "<group>"; };
		C08162AB1860462E00158EFB /* ZHManageCell.m */ = {isa = PBXFileReference; fileEncoding = 4; lastKnownFileType = sourcecode.c.objc; path = ZHManageCell.m; sourceTree = "<group>"; };
		C08162AC1860462E00158EFB /* ZHNavigationViewController.h */ = {isa = PBXFileReference; fileEncoding = 4; lastKnownFileType = sourcecode.c.h; path = ZHNavigationViewController.h; sourceTree = "<group>"; };
		C08162AD1860462E00158EFB /* ZHNavigationViewController.m */ = {isa = PBXFileReference; fileEncoding = 4; lastKnownFileType = sourcecode.c.objc; path = ZHNavigationViewController.m; sourceTree = "<group>"; };
		C081630B1860472F00158EFB /* libZH.podspec */ = {isa = PBXFileReference; fileEncoding = 4; lastKnownFileType = text; path = libZH.podspec; sourceTree = "<group>"; };
/* End PBXFileReference section */

/* Begin PBXFrameworksBuildPhase section */
		C081607D18600C0300158EFB /* Frameworks */ = {
			isa = PBXFrameworksBuildPhase;
			buildActionMask = 2147483647;
			files = (
				C08162BB1860462E00158EFB /* libWeChatSDK.a in Frameworks */,
				C081616C1860381A00158EFB /* SystemConfiguration.framework in Frameworks */,
				C08162B81860462E00158EFB /* libWeiboSDK.a in Frameworks */,
				C081616A1860381400158EFB /* libz.1.2.5.dylib in Frameworks */,
				C08161681860380E00158EFB /* libsqlite3.0.dylib in Frameworks */,
				C081614C186011B400158EFB /* UIKit.framework in Frameworks */,
				C081608418600C0300158EFB /* Foundation.framework in Frameworks */,
			);
			runOnlyForDeploymentPostprocessing = 0;
		};
		C081608D18600C0400158EFB /* Frameworks */ = {
			isa = PBXFrameworksBuildPhase;
			buildActionMask = 2147483647;
			files = (
				C081609218600C0400158EFB /* XCTest.framework in Frameworks */,
				C081609818600C0400158EFB /* liblibZH.a in Frameworks */,
				C081609318600C0400158EFB /* Foundation.framework in Frameworks */,
				C08162B91860462E00158EFB /* libWeiboSDK.a in Frameworks */,
				C08162BC1860462E00158EFB /* libWeChatSDK.a in Frameworks */,
			);
			runOnlyForDeploymentPostprocessing = 0;
		};
/* End PBXFrameworksBuildPhase section */

/* Begin PBXGroup section */
		C081607718600C0300158EFB = {
			isa = PBXGroup;
			children = (
				C081608518600C0300158EFB /* libZH */,
				C081630B1860472F00158EFB /* libZH.podspec */,
				C081609918600C0400158EFB /* libZHTests */,
				C081608218600C0300158EFB /* Frameworks */,
				C081608118600C0300158EFB /* Products */,
			);
			sourceTree = "<group>";
		};
		C081608118600C0300158EFB /* Products */ = {
			isa = PBXGroup;
			children = (
				C081608018600C0300158EFB /* liblibZH.a */,
				C081609018600C0400158EFB /* libZHTests.xctest */,
			);
			name = Products;
			sourceTree = "<group>";
		};
		C081608218600C0300158EFB /* Frameworks */ = {
			isa = PBXGroup;
			children = (
				C08162461860462E00158EFB /* FMDB */,
				C081616B1860381A00158EFB /* SystemConfiguration.framework */,
				C08161691860381400158EFB /* libz.1.2.5.dylib */,
				C08161671860380E00158EFB /* libsqlite3.0.dylib */,
				C081614B186011B400158EFB /* UIKit.framework */,
				C081608318600C0300158EFB /* Foundation.framework */,
				C081609118600C0400158EFB /* XCTest.framework */,
			);
			name = Frameworks;
			sourceTree = "<group>";
		};
		C081608518600C0300158EFB /* libZH */ = {
			isa = PBXGroup;
			children = (
				C08162451860462E00158EFB /* Classes */,
				C081608618600C0300158EFB /* Supporting Files */,
			);
			path = libZH;
			sourceTree = "<group>";
		};
		C081608618600C0300158EFB /* Supporting Files */ = {
			isa = PBXGroup;
			children = (
				C081608718600C0300158EFB /* libZH-Prefix.pch */,
			);
			name = "Supporting Files";
			sourceTree = "<group>";
		};
		C081609918600C0400158EFB /* libZHTests */ = {
			isa = PBXGroup;
			children = (
				C081609F18600C0400158EFB /* libZHTests.m */,
				C081609A18600C0400158EFB /* Supporting Files */,
			);
			path = libZHTests;
			sourceTree = "<group>";
		};
		C081609A18600C0400158EFB /* Supporting Files */ = {
			isa = PBXGroup;
			children = (
				C081609B18600C0400158EFB /* libZHTests-Info.plist */,
				C081609C18600C0400158EFB /* InfoPlist.strings */,
			);
			name = "Supporting Files";
			sourceTree = "<group>";
		};
		C08162451860462E00158EFB /* Classes */ = {
			isa = PBXGroup;
			children = (
				C08162511860462E00158EFB /* libWeiboSDK */,
				C08162551860462E00158EFB /* SDKExport */,
				C08162591860462E00158EFB /* Unit */,
				C081627A1860462E00158EFB /* User.h */,
				C081627B1860462E00158EFB /* User.m */,
				C081627C1860462E00158EFB /* View */,
			);
			path = Classes;
			sourceTree = SOURCE_ROOT;
		};
		C08162461860462E00158EFB /* FMDB */ = {
			isa = PBXGroup;
			children = (
				C08162471860462E00158EFB /* FMDatabase.h */,
				C08162481860462E00158EFB /* FMDatabase.m */,
				C08162491860462E00158EFB /* FMDatabaseAdditions.h */,
				C081624A1860462E00158EFB /* FMDatabaseAdditions.m */,
				C081624B1860462E00158EFB /* FMDatabasePool.h */,
				C081624C1860462E00158EFB /* FMDatabasePool.m */,
				C081624D1860462E00158EFB /* FMDatabaseQueue.h */,
				C081624E1860462E00158EFB /* FMDatabaseQueue.m */,
				C081624F1860462E00158EFB /* FMResultSet.h */,
				C08162501860462E00158EFB /* FMResultSet.m */,
			);
			name = FMDB;
			path = Classes/FMDB;
			sourceTree = "<group>";
		};
		C08162511860462E00158EFB /* libWeiboSDK */ = {
			isa = PBXGroup;
			children = (
				C08162521860462E00158EFB /* libWeiboSDK.a */,
				C08162531860462E00158EFB /* WeiboSDK.bundle */,
				C08162541860462E00158EFB /* WeiboSDK.h */,
			);
			path = libWeiboSDK;
			sourceTree = "<group>";
		};
		C08162551860462E00158EFB /* SDKExport */ = {
			isa = PBXGroup;
			children = (
				C08162561860462E00158EFB /* libWeChatSDK.a */,
				C08162571860462E00158EFB /* WXApi.h */,
				C08162581860462E00158EFB /* WXApiObject.h */,
			);
			path = SDKExport;
			sourceTree = "<group>";
		};
		C08162591860462E00158EFB /* Unit */ = {
			isa = PBXGroup;
			children = (
				C081625A1860462E00158EFB /* CCLog.h */,
				C081625B1860462E00158EFB /* Common.h */,
				C081625C1860462E00158EFB /* CommonMethod.h */,
				C081625D1860462E00158EFB /* CommonMethod.m */,
				C081625E1860462E00158EFB /* Cookie.h */,
				C081625F1860462E00158EFB /* Cookie.m */,
				C08162601860462E00158EFB /* ImageDownloader.h */,
				C08162611860462E00158EFB /* ImageDownloader.m */,
				C08162641860462E00158EFB /* NSDate+Helper.h */,
				C08162651860462E00158EFB /* NSDate+Helper.m */,
				C08162661860462E00158EFB /* NSDate-Utilities.h */,
				C08162671860462E00158EFB /* NSDate-Utilities.m */,
				C08162681860462E00158EFB /* NSString+MD5.h */,
				C08162691860462E00158EFB /* NSString+MD5.m */,
				C081626A1860462E00158EFB /* PendingOperations.h */,
				C081626B1860462E00158EFB /* PendingOperations.m */,
				C081626C1860462E00158EFB /* Session.h */,
				C081626D1860462E00158EFB /* Session.m */,
				C081626E1860462E00158EFB /* String.h */,
				C081626F1860462E00158EFB /* UIButton+Utilities.h */,
				C08162701860462E00158EFB /* UIButton+Utilities.m */,
				C08162711860462E00158EFB /* Unit.h */,
				C08162721860462E00158EFB /* ZHDBControl.h */,
				C08162731860462E00158EFB /* ZHDBControl.m */,
				C08162741860462E00158EFB /* ZHDBData.h */,
				C08162751860462E00158EFB /* ZHDBData.m */,
				C08162761860462E00158EFB /* ZHFileCache.h */,
				C08162771860462E00158EFB /* ZHFileCache.m */,
				C08162781860462E00158EFB /* ZHPassDataJSON.h */,
				C08162791860462E00158EFB /* ZHPassDataJSON.m */,
			);
			path = Unit;
			sourceTree = "<group>";
		};
		C081627C1860462E00158EFB /* View */ = {
			isa = PBXGroup;
			children = (
				C081627D1860462E00158EFB /* AccessCell.h */,
				C081627E1860462E00158EFB /* AccessCell.m */,
				C081627F1860462E00158EFB /* AccessCell.xib */,
				C08162801860462E00158EFB /* ActivityIndicatorView.h */,
				C08162811860462E00158EFB /* ActivityIndicatorView.m */,
				C08162821860462E00158EFB /* BaseTableViewController.h */,
				C08162831860462E00158EFB /* BaseTableViewController.m */,
				C08162841860462E00158EFB /* BaseViewController.h */,
				C08162851860462E00158EFB /* BaseViewController.m */,
				C08162861860462E00158EFB /* Button.h */,
				C08162871860462E00158EFB /* Button.m */,
				C08162881860462E00158EFB /* CaseCell.h */,
				C08162891860462E00158EFB /* CaseCell.m */,
				C081628A1860462E00158EFB /* CaseCell.xib */,
				C081628B1860462E00158EFB /* DesginerCell.h */,
				C081628C1860462E00158EFB /* DesginerCell.m */,
				C081628D1860462E00158EFB /* DesginerCell.xib */,
				C081628E1860462E00158EFB /* DesginerCellV.h */,
				C081628F1860462E00158EFB /* DesginerCellV.m */,
				C08162901860462E00158EFB /* DesginerCellV.xib */,
				C08162911860462E00158EFB /* FlipBoardNavigationController.h */,
				C08162921860462E00158EFB /* FlipBoardNavigationController.m */,
				C08162931860462E00158EFB /* ImageView.h */,
				C08162941860462E00158EFB /* ImageView.m */,
				C08162951860462E00158EFB /* Message.h */,
				C08162961860462E00158EFB /* Message.m */,
				C08162971860462E00158EFB /* NavigationViewController.h */,
				C08162981860462E00158EFB /* NavigationViewController.m */,
				C08162991860462E00158EFB /* NewsCell.h */,
				C081629A1860462E00158EFB /* NewsCell.m */,
				C081629B1860462E00158EFB /* ShareView.h */,
				C081629C1860462E00158EFB /* ShareView.m */,
				C081629D1860462E00158EFB /* TableView.h */,
				C081629E1860462E00158EFB /* TableView.m */,
				C081629F1860462E00158EFB /* TableViewController.h */,
				C08162A01860462E00158EFB /* TableViewController.m */,
				C08162A11860462E00158EFB /* TypeTableView.h */,
				C08162A21860462E00158EFB /* TypeTableView.m */,
				C08162A31860462E00158EFB /* ViewDeck */,
				C08162AA1860462E00158EFB /* ZHManageCell.h */,
				C08162AB1860462E00158EFB /* ZHManageCell.m */,
				C08162AC1860462E00158EFB /* ZHNavigationViewController.h */,
				C08162AD1860462E00158EFB /* ZHNavigationViewController.m */,
			);
			path = View;
			sourceTree = "<group>";
		};
		C08162A31860462E00158EFB /* ViewDeck */ = {
			isa = PBXGroup;
			children = (
				C08162A41860462E00158EFB /* IISideController.h */,
				C08162A51860462E00158EFB /* IISideController.m */,
				C08162A61860462E00158EFB /* IIViewDeckController.h */,
				C08162A71860462E00158EFB /* IIViewDeckController.m */,
				C08162A81860462E00158EFB /* IIWrapController.h */,
				C08162A91860462E00158EFB /* IIWrapController.m */,
			);
			path = ViewDeck;
			sourceTree = "<group>";
		};
/* End PBXGroup section */

/* Begin PBXNativeTarget section */
		C081607F18600C0300158EFB /* libZH */ = {
			isa = PBXNativeTarget;
			buildConfigurationList = C08160A318600C0400158EFB /* Build configuration list for PBXNativeTarget "libZH" */;
			buildPhases = (
				C081607C18600C0300158EFB /* Sources */,
				C081607D18600C0300158EFB /* Frameworks */,
				C081607E18600C0300158EFB /* CopyFiles */,
			);
			buildRules = (
			);
			dependencies = (
			);
			name = libZH;
			productName = libZH;
			productReference = C081608018600C0300158EFB /* liblibZH.a */;
			productType = "com.apple.product-type.library.static";
		};
		C081608F18600C0400158EFB /* libZHTests */ = {
			isa = PBXNativeTarget;
			buildConfigurationList = C08160A618600C0400158EFB /* Build configuration list for PBXNativeTarget "libZHTests" */;
			buildPhases = (
				C081608C18600C0400158EFB /* Sources */,
				C081608D18600C0400158EFB /* Frameworks */,
				C081608E18600C0400158EFB /* Resources */,
			);
			buildRules = (
			);
			dependencies = (
				C081609718600C0400158EFB /* PBXTargetDependency */,
			);
			name = libZHTests;
			productName = libZHTests;
			productReference = C081609018600C0400158EFB /* libZHTests.xctest */;
			productType = "com.apple.product-type.bundle.unit-test";
		};
/* End PBXNativeTarget section */

/* Begin PBXProject section */
		C081607818600C0300158EFB /* Project object */ = {
			isa = PBXProject;
			attributes = {
				LastUpgradeCheck = 0500;
				ORGANIZATIONNAME = "zeng hui";
			};
			buildConfigurationList = C081607B18600C0300158EFB /* Build configuration list for PBXProject "libZH" */;
			compatibilityVersion = "Xcode 3.2";
			developmentRegion = English;
			hasScannedForEncodings = 0;
			knownRegions = (
				en,
			);
			mainGroup = C081607718600C0300158EFB;
			productRefGroup = C081608118600C0300158EFB /* Products */;
			projectDirPath = "";
			projectRoot = "";
			targets = (
				C081607F18600C0300158EFB /* libZH */,
				C081608F18600C0400158EFB /* libZHTests */,
			);
		};
/* End PBXProject section */

/* Begin PBXResourcesBuildPhase section */
		C081608E18600C0400158EFB /* Resources */ = {
			isa = PBXResourcesBuildPhase;
			buildActionMask = 2147483647;
			files = (
				C081609E18600C0400158EFB /* InfoPlist.strings in Resources */,
				C08162EE1860462E00158EFB /* DesginerCellV.xib in Resources */,
				C08162E81860462E00158EFB /* CaseCell.xib in Resources */,
				C081630C1860472F00158EFB /* libZH.podspec in Resources */,
				C08162DD1860462E00158EFB /* AccessCell.xib in Resources */,
				C08162EB1860462E00158EFB /* DesginerCell.xib in Resources */,
				C08162BA1860462E00158EFB /* WeiboSDK.bundle in Resources */,
			);
			runOnlyForDeploymentPostprocessing = 0;
		};
/* End PBXResourcesBuildPhase section */

/* Begin PBXSourcesBuildPhase section */
		C081607C18600C0300158EFB /* Sources */ = {
			isa = PBXSourcesBuildPhase;
			buildActionMask = 2147483647;
			files = (
				C08162CF1860462E00158EFB /* UIButton+Utilities.m in Sources */,
				C08162B61860462E00158EFB /* FMResultSet.m in Sources */,
				C08163011860462E00158EFB /* IISideController.m in Sources */,
				C08162BD1860462E00158EFB /* CommonMethod.m in Sources */,
				C08162EF1860462E00158EFB /* FlipBoardNavigationController.m in Sources */,
				C08162B41860462E00158EFB /* FMDatabaseQueue.m in Sources */,
				C08162C51860462E00158EFB /* NSDate+Helper.m in Sources */,
				C08162C11860462E00158EFB /* ImageDownloader.m in Sources */,
				C08163071860462E00158EFB /* ZHManageCell.m in Sources */,
				C08162E41860462E00158EFB /* Button.m in Sources */,
				C08162FB1860462E00158EFB /* TableView.m in Sources */,
				C08162F31860462E00158EFB /* Message.m in Sources */,
				C08163051860462E00158EFB /* IIWrapController.m in Sources */,
				C08162B21860462E00158EFB /* FMDatabasePool.m in Sources */,
				C08162D91860462E00158EFB /* User.m in Sources */,
				C08162D51860462E00158EFB /* ZHFileCache.m in Sources */,
				C08162C91860462E00158EFB /* NSString+MD5.m in Sources */,
				C08162E21860462E00158EFB /* BaseViewController.m in Sources */,
				C08163031860462E00158EFB /* IIViewDeckController.m in Sources */,
				C08162DB1860462E00158EFB /* AccessCell.m in Sources */,
				C08162D31860462E00158EFB /* ZHDBData.m in Sources */,
				C08162DE1860462E00158EFB /* ActivityIndicatorView.m in Sources */,
				C08162EC1860462E00158EFB /* DesginerCellV.m in Sources */,
				C08162D71860462E00158EFB /* ZHPassDataJSON.m in Sources */,
				C08162E61860462E00158EFB /* CaseCell.m in Sources */,
				C08162FF1860462E00158EFB /* TypeTableView.m in Sources */,
				C08162F71860462E00158EFB /* NewsCell.m in Sources */,
				C08162CB1860462E00158EFB /* PendingOperations.m in Sources */,
				C08162BF1860462E00158EFB /* Cookie.m in Sources */,
				C08162CD1860462E00158EFB /* Session.m in Sources */,
				C08162C71860462E00158EFB /* NSDate-Utilities.m in Sources */,
				C08162D11860462E00158EFB /* ZHDBControl.m in Sources */,
				C08162AE1860462E00158EFB /* FMDatabase.m in Sources */,
				C08162E01860462E00158EFB /* BaseTableViewController.m in Sources */,
				C08163091860462E00158EFB /* ZHNavigationViewController.m in Sources */,
				C08162F11860462E00158EFB /* ImageView.m in Sources */,
				C08162FD1860462E00158EFB /* TableViewController.m in Sources */,
				C08162E91860462E00158EFB /* DesginerCell.m in Sources */,
				C08162F91860462E00158EFB /* ShareView.m in Sources */,
				C08162B01860462E00158EFB /* FMDatabaseAdditions.m in Sources */,
				C08162F51860462E00158EFB /* NavigationViewController.m in Sources */,
			);
			runOnlyForDeploymentPostprocessing = 0;
		};
		C081608C18600C0400158EFB /* Sources */ = {
			isa = PBXSourcesBuildPhase;
			buildActionMask = 2147483647;
			files = (
				C08162D01860462E00158EFB /* UIButton+Utilities.m in Sources */,
				C08162B71860462E00158EFB /* FMResultSet.m in Sources */,
				C08163021860462E00158EFB /* IISideController.m in Sources */,
				C08162BE1860462E00158EFB /* CommonMethod.m in Sources */,
				C08162F01860462E00158EFB /* FlipBoardNavigationController.m in Sources */,
				C08162B51860462E00158EFB /* FMDatabaseQueue.m in Sources */,
				C08162C61860462E00158EFB /* NSDate+Helper.m in Sources */,
				C08162C21860462E00158EFB /* ImageDownloader.m in Sources */,
				C08163081860462E00158EFB /* ZHManageCell.m in Sources */,
				C08160A018600C0400158EFB /* libZHTests.m in Sources */,
				C08162E51860462E00158EFB /* Button.m in Sources */,
				C08162FC1860462E00158EFB /* TableView.m in Sources */,
				C08162F41860462E00158EFB /* Message.m in Sources */,
				C08163061860462E00158EFB /* IIWrapController.m in Sources */,
				C08162B31860462E00158EFB /* FMDatabasePool.m in Sources */,
				C08162DA1860462E00158EFB /* User.m in Sources */,
				C08162D61860462E00158EFB /* ZHFileCache.m in Sources */,
				C08162CA1860462E00158EFB /* NSString+MD5.m in Sources */,
				C08162E31860462E00158EFB /* BaseViewController.m in Sources */,
				C08163041860462E00158EFB /* IIViewDeckController.m in Sources */,
				C08162DC1860462E00158EFB /* AccessCell.m in Sources */,
				C08162D41860462E00158EFB /* ZHDBData.m in Sources */,
				C08162DF1860462E00158EFB /* ActivityIndicatorView.m in Sources */,
				C08162ED1860462E00158EFB /* DesginerCellV.m in Sources */,
				C08162D81860462E00158EFB /* ZHPassDataJSON.m in Sources */,
				C08162E71860462E00158EFB /* CaseCell.m in Sources */,
				C08163001860462E00158EFB /* TypeTableView.m in Sources */,
				C08162F81860462E00158EFB /* NewsCell.m in Sources */,
				C08162CC1860462E00158EFB /* PendingOperations.m in Sources */,
				C08162C01860462E00158EFB /* Cookie.m in Sources */,
				C08162CE1860462E00158EFB /* Session.m in Sources */,
				C08162C81860462E00158EFB /* NSDate-Utilities.m in Sources */,
				C08162D21860462E00158EFB /* ZHDBControl.m in Sources */,
				C08162AF1860462E00158EFB /* FMDatabase.m in Sources */,
				C08162E11860462E00158EFB /* BaseTableViewController.m in Sources */,
				C081630A1860462E00158EFB /* ZHNavigationViewController.m in Sources */,
				C08162F21860462E00158EFB /* ImageView.m in Sources */,
				C08162FE1860462E00158EFB /* TableViewController.m in Sources */,
				C08162EA1860462E00158EFB /* DesginerCell.m in Sources */,
				C08162FA1860462E00158EFB /* ShareView.m in Sources */,
				C08162B11860462E00158EFB /* FMDatabaseAdditions.m in Sources */,
				C08162F61860462E00158EFB /* NavigationViewController.m in Sources */,
			);
			runOnlyForDeploymentPostprocessing = 0;
		};
/* End PBXSourcesBuildPhase section */

/* Begin PBXTargetDependency section */
		C081609718600C0400158EFB /* PBXTargetDependency */ = {
			isa = PBXTargetDependency;
			target = C081607F18600C0300158EFB /* libZH */;
			targetProxy = C081609618600C0400158EFB /* PBXContainerItemProxy */;
		};
/* End PBXTargetDependency section */

/* Begin PBXVariantGroup section */
		C081609C18600C0400158EFB /* InfoPlist.strings */ = {
			isa = PBXVariantGroup;
			children = (
				C081609D18600C0400158EFB /* en */,
			);
			name = InfoPlist.strings;
			sourceTree = "<group>";
		};
/* End PBXVariantGroup section */

/* Begin XCBuildConfiguration section */
		C08160A118600C0400158EFB /* Debug */ = {
			isa = XCBuildConfiguration;
			buildSettings = {
				ALWAYS_SEARCH_USER_PATHS = NO;
				ARCHS = "$(ARCHS_STANDARD_INCLUDING_64_BIT)";
				CLANG_CXX_LANGUAGE_STANDARD = "gnu++0x";
				CLANG_CXX_LIBRARY = "libc++";
				CLANG_ENABLE_MODULES = YES;
				CLANG_ENABLE_OBJC_ARC = YES;
				CLANG_WARN_BOOL_CONVERSION = YES;
				CLANG_WARN_CONSTANT_CONVERSION = YES;
				CLANG_WARN_DIRECT_OBJC_ISA_USAGE = YES_ERROR;
				CLANG_WARN_EMPTY_BODY = YES;
				CLANG_WARN_ENUM_CONVERSION = YES;
				CLANG_WARN_INT_CONVERSION = YES;
				CLANG_WARN_OBJC_ROOT_CLASS = YES_ERROR;
				CLANG_WARN__DUPLICATE_METHOD_MATCH = YES;
				COPY_PHASE_STRIP = NO;
				GCC_C_LANGUAGE_STANDARD = gnu99;
				GCC_DYNAMIC_NO_PIC = NO;
				GCC_OPTIMIZATION_LEVEL = 0;
				GCC_PREPROCESSOR_DEFINITIONS = (
					"DEBUG=1",
					"$(inherited)",
				);
				GCC_SYMBOLS_PRIVATE_EXTERN = NO;
				GCC_WARN_64_TO_32_BIT_CONVERSION = YES;
				GCC_WARN_ABOUT_RETURN_TYPE = YES_ERROR;
				GCC_WARN_UNDECLARED_SELECTOR = YES;
				GCC_WARN_UNINITIALIZED_AUTOS = YES;
				GCC_WARN_UNUSED_FUNCTION = YES;
				GCC_WARN_UNUSED_VARIABLE = YES;
				IPHONEOS_DEPLOYMENT_TARGET = 7.0;
				ONLY_ACTIVE_ARCH = YES;
				SDKROOT = iphoneos;
			};
			name = Debug;
		};
		C08160A218600C0400158EFB /* Release */ = {
			isa = XCBuildConfiguration;
			buildSettings = {
				ALWAYS_SEARCH_USER_PATHS = NO;
				ARCHS = "$(ARCHS_STANDARD_INCLUDING_64_BIT)";
				CLANG_CXX_LANGUAGE_STANDARD = "gnu++0x";
				CLANG_CXX_LIBRARY = "libc++";
				CLANG_ENABLE_MODULES = YES;
				CLANG_ENABLE_OBJC_ARC = YES;
				CLANG_WARN_BOOL_CONVERSION = YES;
				CLANG_WARN_CONSTANT_CONVERSION = YES;
				CLANG_WARN_DIRECT_OBJC_ISA_USAGE = YES_ERROR;
				CLANG_WARN_EMPTY_BODY = YES;
				CLANG_WARN_ENUM_CONVERSION = YES;
				CLANG_WARN_INT_CONVERSION = YES;
				CLANG_WARN_OBJC_ROOT_CLASS = YES_ERROR;
				CLANG_WARN__DUPLICATE_METHOD_MATCH = YES;
				COPY_PHASE_STRIP = YES;
				ENABLE_NS_ASSERTIONS = NO;
				GCC_C_LANGUAGE_STANDARD = gnu99;
				GCC_WARN_64_TO_32_BIT_CONVERSION = YES;
				GCC_WARN_ABOUT_RETURN_TYPE = YES_ERROR;
				GCC_WARN_UNDECLARED_SELECTOR = YES;
				GCC_WARN_UNINITIALIZED_AUTOS = YES;
				GCC_WARN_UNUSED_FUNCTION = YES;
				GCC_WARN_UNUSED_VARIABLE = YES;
				IPHONEOS_DEPLOYMENT_TARGET = 7.0;
				SDKROOT = iphoneos;
				VALIDATE_PRODUCT = YES;
			};
			name = Release;
		};
		C08160A418600C0400158EFB /* Debug */ = {
			isa = XCBuildConfiguration;
			buildSettings = {
				DSTROOT = /tmp/libZH.dst;
				GCC_PRECOMPILE_PREFIX_HEADER = YES;
				GCC_PREFIX_HEADER = "libZH/libZH-Prefix.pch";
				LIBRARY_SEARCH_PATHS = (
					"$(inherited)",
					/Users/lifeng/Documents/192.168.1.113/code/libZH/libZH/libWeiboSDK,
					/Users/lifeng/Documents/192.168.1.113/code/libZH/libZH/SDKExport,
					/Users/lifeng/Documents/192.168.1.113/code/libZH/libZH/Classes/libWeiboSDK,
					/Users/lifeng/Documents/192.168.1.113/code/libZH/libZH/Classes/SDKExport,
					/Users/lifeng/Documents/192.168.1.113/code/libZH/Classes/libWeiboSDK,
					/Users/lifeng/Documents/192.168.1.113/code/libZH/Classes/SDKExport,
				);
				OTHER_LDFLAGS = "-ObjC";
				PRODUCT_NAME = "$(TARGET_NAME)";
				SKIP_INSTALL = YES;
			};
			name = Debug;
		};
		C08160A518600C0400158EFB /* Release */ = {
			isa = XCBuildConfiguration;
			buildSettings = {
				DSTROOT = /tmp/libZH.dst;
				GCC_PRECOMPILE_PREFIX_HEADER = YES;
				GCC_PREFIX_HEADER = "libZH/libZH-Prefix.pch";
				LIBRARY_SEARCH_PATHS = (
					"$(inherited)",
					/Users/lifeng/Documents/192.168.1.113/code/libZH/libZH/libWeiboSDK,
					/Users/lifeng/Documents/192.168.1.113/code/libZH/libZH/SDKExport,
					/Users/lifeng/Documents/192.168.1.113/code/libZH/libZH/Classes/libWeiboSDK,
					/Users/lifeng/Documents/192.168.1.113/code/libZH/libZH/Classes/SDKExport,
					/Users/lifeng/Documents/192.168.1.113/code/libZH/Classes/libWeiboSDK,
					/Users/lifeng/Documents/192.168.1.113/code/libZH/Classes/SDKExport,
				);
				OTHER_LDFLAGS = "-ObjC";
				PRODUCT_NAME = "$(TARGET_NAME)";
				SKIP_INSTALL = YES;
			};
			name = Release;
		};
		C08160A718600C0400158EFB /* Debug */ = {
			isa = XCBuildConfiguration;
			buildSettings = {
				ARCHS = "$(ARCHS_STANDARD_INCLUDING_64_BIT)";
				FRAMEWORK_SEARCH_PATHS = (
					"$(SDKROOT)/Developer/Library/Frameworks",
					"$(inherited)",
					"$(DEVELOPER_FRAMEWORKS_DIR)",
				);
				GCC_PRECOMPILE_PREFIX_HEADER = YES;
				GCC_PREFIX_HEADER = "libZH/libZH-Prefix.pch";
				GCC_PREPROCESSOR_DEFINITIONS = (
					"DEBUG=1",
					"$(inherited)",
				);
				INFOPLIST_FILE = "libZHTests/libZHTests-Info.plist";
				LIBRARY_SEARCH_PATHS = (
					"$(inherited)",
					/Users/lifeng/Documents/192.168.1.113/code/libZH/libZH/Classes/libWeiboSDK,
					/Users/lifeng/Documents/192.168.1.113/code/libZH/libZH/Classes/SDKExport,
					/Users/lifeng/Documents/192.168.1.113/code/libZH/Classes/libWeiboSDK,
					/Users/lifeng/Documents/192.168.1.113/code/libZH/Classes/SDKExport,
				);
				PRODUCT_NAME = "$(TARGET_NAME)";
				WRAPPER_EXTENSION = xctest;
			};
			name = Debug;
		};
		C08160A818600C0400158EFB /* Release */ = {
			isa = XCBuildConfiguration;
			buildSettings = {
				ARCHS = "$(ARCHS_STANDARD_INCLUDING_64_BIT)";
				FRAMEWORK_SEARCH_PATHS = (
					"$(SDKROOT)/Developer/Library/Frameworks",
					"$(inherited)",
					"$(DEVELOPER_FRAMEWORKS_DIR)",
				);
				GCC_PRECOMPILE_PREFIX_HEADER = YES;
				GCC_PREFIX_HEADER = "libZH/libZH-Prefix.pch";
				INFOPLIST_FILE = "libZHTests/libZHTests-Info.plist";
				LIBRARY_SEARCH_PATHS = (
					"$(inherited)",
					/Users/lifeng/Documents/192.168.1.113/code/libZH/libZH/Classes/libWeiboSDK,
					/Users/lifeng/Documents/192.168.1.113/code/libZH/libZH/Classes/SDKExport,
					/Users/lifeng/Documents/192.168.1.113/code/libZH/Classes/libWeiboSDK,
					/Users/lifeng/Documents/192.168.1.113/code/libZH/Classes/SDKExport,
				);
				PRODUCT_NAME = "$(TARGET_NAME)";
				WRAPPER_EXTENSION = xctest;
			};
			name = Release;
		};
/* End XCBuildConfiguration section */

/* Begin XCConfigurationList section */
		C081607B18600C0300158EFB /* Build configuration list for PBXProject "libZH" */ = {
			isa = XCConfigurationList;
			buildConfigurations = (
				C08160A118600C0400158EFB /* Debug */,
				C08160A218600C0400158EFB /* Release */,
			);
			defaultConfigurationIsVisible = 0;
			defaultConfigurationName = Release;
		};
		C08160A318600C0400158EFB /* Build configuration list for PBXNativeTarget "libZH" */ = {
			isa = XCConfigurationList;
			buildConfigurations = (
				C08160A418600C0400158EFB /* Debug */,
				C08160A518600C0400158EFB /* Release */,
			);
			defaultConfigurationIsVisible = 0;
			defaultConfigurationName = Release;
		};
		C08160A618600C0400158EFB /* Build configuration list for PBXNativeTarget "libZHTests" */ = {
			isa = XCConfigurationList;
			buildConfigurations = (
				C08160A718600C0400158EFB /* Debug */,
				C08160A818600C0400158EFB /* Release */,
			);
			defaultConfigurationIsVisible = 0;
			defaultConfigurationName = Release;
		};
/* End XCConfigurationList section */
	};
	rootObject = C081607818600C0300158EFB /* Project object */;
}
